Microsoft Visual Studio Solution File, Format Version 9.00
# Visual Studio 2005
Project("{8BC9CEB8-8B4A-11D0-8D11-00A0C91BC942}") = "Lab5_LNguyenKSareen", "Lab5_LNguyenKSareen.vcproj", "{38DACB79-2AF8-4D1B-8A8A-0E42F438A182}"
EndProject
Global
	GlobalSection(SolutionConfigurationPlatforms) = preSolution
		Debug|Win32 = Debug|Win32
		Release|Win32 = Release|Win32
	EndGlobalSection
	GlobalSection(ProjectConfigurationPlatforms) = postSolution
		{38DACB79-2AF8-4D1B-8A8A-0E42F438A182}.Debug|Win32.ActiveCfg = Debug|Win32
		{38DACB79-2AF8-4D1B-8A8A-0E42F438A182}.Debug|Win32.Build.0 = Debug|Win32
		{38DACB79-2AF8-4D1B-8A8A-0E42F438A182}.Release|Win32.ActiveCfg = Release|Win32
		{38DACB79-2AF8-4D1B-8A8A-0E42F438A182}.Release|Win32.Build.0 = Release|Win32
	EndGlobalSection
	GlobalSection(SolutionProperties) = preSolution
		HideSolutionNode = FALSE
	EndGlobalSection
EndGlobal
